// !$*UTF8*$!
{
	archiveVersion = 1;
	classes = {
	};
	objectVersion = 46;
	objects = {

/* Begin PBXBuildFile section */
		1AB9ACB51A6A7ACC00489D30 /* AppDelegate.swift in Sources */ = {isa = PBXBuildFile; fileRef = 1AB9ACB41A6A7ACC00489D30 /* AppDelegate.swift */; };
		1AB9ACB71A6A7ACC00489D30 /* NewEventViewController.swift in Sources */ = {isa = PBXBuildFile; fileRef = 1AB9ACB61A6A7ACC00489D30 /* NewEventViewController.swift */; };
		1AB9ACBA1A6A7ACC00489D30 /* Main.storyboard in Resources */ = {isa = PBXBuildFile; fileRef = 1AB9ACB81A6A7ACC00489D30 /* Main.storyboard */; };
		1AB9ACBC1A6A7ACC00489D30 /* Images.xcassets in Resources */ = {isa = PBXBuildFile; fileRef = 1AB9ACBB1A6A7ACC00489D30 /* Images.xcassets */; };
		1AB9ACBF1A6A7ACC00489D30 /* LaunchScreen.xib in Resources */ = {isa = PBXBuildFile; fileRef = 1AB9ACBD1A6A7ACC00489D30 /* LaunchScreen.xib */; };
		1AB9ACCB1A6A7ACC00489D30 /* WhatsGoodTests.swift in Sources */ = {isa = PBXBuildFile; fileRef = 1AB9ACCA1A6A7ACC00489D30 /* WhatsGoodTests.swift */; };
		1AB9ACD51A6A81DC00489D30 /* EventsListViewController.swift in Sources */ = {isa = PBXBuildFile; fileRef = 1AB9ACD41A6A81DC00489D30 /* EventsListViewController.swift */; };
		1AB9ACD71A6A884700489D30 /* Parse.framework in Frameworks */ = {isa = PBXBuildFile; fileRef = 1AB9ACD61A6A884700489D30 /* Parse.framework */; };
		1AB9ACD91A6A886D00489D30 /* Bolts.framework in Frameworks */ = {isa = PBXBuildFile; fileRef = 1AB9ACD81A6A886D00489D30 /* Bolts.framework */; };
		1AB9ACDB1A6A888B00489D30 /* AudioToolbox.framework in Frameworks */ = {isa = PBXBuildFile; fileRef = 1AB9ACDA1A6A888B00489D30 /* AudioToolbox.framework */; };
		1AB9ACDD1A6A889400489D30 /* CFNetwork.framework in Frameworks */ = {isa = PBXBuildFile; fileRef = 1AB9ACDC1A6A889400489D30 /* CFNetwork.framework */; };
		1AB9ACDF1A6A889F00489D30 /* CoreGraphics.framework in Frameworks */ = {isa = PBXBuildFile; fileRef = 1AB9ACDE1A6A889F00489D30 /* CoreGraphics.framework */; };
		1AB9ACE11A6A899A00489D30 /* CoreLocation.framework in Frameworks */ = {isa = PBXBuildFile; fileRef = 1AB9ACE01A6A899A00489D30 /* CoreLocation.framework */; };
		1AB9ACE31A6A89A400489D30 /* MobileCoreServices.framework in Frameworks */ = {isa = PBXBuildFile; fileRef = 1AB9ACE21A6A89A400489D30 /* MobileCoreServices.framework */; };
		1AB9ACE51A6A89CF00489D30 /* QuartzCore.framework in Frameworks */ = {isa = PBXBuildFile; fileRef = 1AB9ACE41A6A89CF00489D30 /* QuartzCore.framework */; };
		1AB9ACE71A6A89D600489D30 /* Security.framework in Frameworks */ = {isa = PBXBuildFile; fileRef = 1AB9ACE61A6A89D600489D30 /* Security.framework */; };
		1AB9ACE91A6A89DE00489D30 /* StoreKit.framework in Frameworks */ = {isa = PBXBuildFile; fileRef = 1AB9ACE81A6A89DE00489D30 /* StoreKit.framework */; };
		1AB9ACEB1A6A89E800489D30 /* SystemConfiguration.framework in Frameworks */ = {isa = PBXBuildFile; fileRef = 1AB9ACEA1A6A89E800489D30 /* SystemConfiguration.framework */; };
		1AB9ACED1A6A89F300489D30 /* libz.dylib in Frameworks */ = {isa = PBXBuildFile; fileRef = 1AB9ACEC1A6A89F300489D30 /* libz.dylib */; };
		1AB9ACEF1A6A89FD00489D30 /* libsqlite3.dylib in Frameworks */ = {isa = PBXBuildFile; fileRef = 1AB9ACEE1A6A89FD00489D30 /* libsqlite3.dylib */; };
		1AB9ACF21A6A92C200489D30 /* EventViewController.swift in Sources */ = {isa = PBXBuildFile; fileRef = 1AB9ACF11A6A92C200489D30 /* EventViewController.swift */; };
		9D3726D51A6A9BAE0040C661 /* EventItem.swift in Sources */ = {isa = PBXBuildFile; fileRef = 9D3726D41A6A9BAE0040C661 /* EventItem.swift */; };
		9D3726D71A6A9FF50040C661 /* EventsManager.swift in Sources */ = {isa = PBXBuildFile; fileRef = 9D3726D61A6A9FF50040C661 /* EventsManager.swift */; };
		9D3726D91A6ABFB90040C661 /* EventTableCell.swift in Sources */ = {isa = PBXBuildFile; fileRef = 9D3726D81A6ABFB90040C661 /* EventTableCell.swift */; };
		9D3726E11A6ACBC10040C661 /* down_arrow.png in Resources */ = {isa = PBXBuildFile; fileRef = 9D3726DF1A6ACBC10040C661 /* down_arrow.png */; };
		9D3726E21A6ACBC10040C661 /* up_arrow.png in Resources */ = {isa = PBXBuildFile; fileRef = 9D3726E01A6ACBC10040C661 /* up_arrow.png */; };
		9D49AFBA1A6B37EF0089AF2A /* green.png in Resources */ = {isa = PBXBuildFile; fileRef = 9D49AFB81A6B37EF0089AF2A /* green.png */; };
		9D49AFBB1A6B37EF0089AF2A /* red.png in Resources */ = {isa = PBXBuildFile; fileRef = 9D49AFB91A6B37EF0089AF2A /* red.png */; };
/* End PBXBuildFile section */

/* Begin PBXContainerItemProxy section */
		1AB9ACC51A6A7ACC00489D30 /* PBXContainerItemProxy */ = {
			isa = PBXContainerItemProxy;
			containerPortal = 1AB9ACA71A6A7ACB00489D30 /* Project object */;
			proxyType = 1;
			remoteGlobalIDString = 1AB9ACAE1A6A7ACB00489D30;
			remoteInfo = WhatsGood;
		};
/* End PBXContainerItemProxy section */

/* Begin PBXFileReference section */
		1AB9ACAF1A6A7ACB00489D30 /* WhatsGood.app */ = {isa = PBXFileReference; explicitFileType = wrapper.application; includeInIndex = 0; path = WhatsGood.app; sourceTree = BUILT_PRODUCTS_DIR; };
		1AB9ACB31A6A7ACB00489D30 /* Info.plist */ = {isa = PBXFileReference; lastKnownFileType = text.plist.xml; path = Info.plist; sourceTree = "<group>"; };
		1AB9ACB41A6A7ACC00489D30 /* AppDelegate.swift */ = {isa = PBXFileReference; lastKnownFileType = sourcecode.swift; path = AppDelegate.swift; sourceTree = "<group>"; };
		1AB9ACB61A6A7ACC00489D30 /* NewEventViewController.swift */ = {isa = PBXFileReference; lastKnownFileType = sourcecode.swift; path = NewEventViewController.swift; sourceTree = "<group>"; };
		1AB9ACB91A6A7ACC00489D30 /* Base */ = {isa = PBXFileReference; lastKnownFileType = file.storyboard; name = Base; path = Base.lproj/Main.storyboard; sourceTree = "<group>"; };
		1AB9ACBB1A6A7ACC00489D30 /* Images.xcassets */ = {isa = PBXFileReference; lastKnownFileType = folder.assetcatalog; path = Images.xcassets; sourceTree = "<group>"; };
		1AB9ACBE1A6A7ACC00489D30 /* Base */ = {isa = PBXFileReference; lastKnownFileType = file.xib; name = Base; path = Base.lproj/LaunchScreen.xib; sourceTree = "<group>"; };
		1AB9ACC41A6A7ACC00489D30 /* WhatsGoodTests.xctest */ = {isa = PBXFileReference; explicitFileType = wrapper.cfbundle; includeInIndex = 0; path = WhatsGoodTests.xctest; sourceTree = BUILT_PRODUCTS_DIR; };
		1AB9ACC91A6A7ACC00489D30 /* Info.plist */ = {isa = PBXFileReference; lastKnownFileType = text.plist.xml; path = Info.plist; sourceTree = "<group>"; };
		1AB9ACCA1A6A7ACC00489D30 /* WhatsGoodTests.swift */ = {isa = PBXFileReference; lastKnownFileType = sourcecode.swift; path = WhatsGoodTests.swift; sourceTree = "<group>"; };
		1AB9ACD41A6A81DC00489D30 /* EventsListViewController.swift */ = {isa = PBXFileReference; fileEncoding = 4; lastKnownFileType = sourcecode.swift; path = EventsListViewController.swift; sourceTree = "<group>"; };
		1AB9ACD61A6A884700489D30 /* Parse.framework */ = {isa = PBXFileReference; lastKnownFileType = wrapper.framework; name = Parse.framework; path = WhatsGood/Parse.framework; sourceTree = "<group>"; };
		1AB9ACD81A6A886D00489D30 /* Bolts.framework */ = {isa = PBXFileReference; lastKnownFileType = wrapper.framework; name = Bolts.framework; path = WhatsGood/Bolts.framework; sourceTree = "<group>"; };
		1AB9ACDA1A6A888B00489D30 /* AudioToolbox.framework */ = {isa = PBXFileReference; lastKnownFileType = wrapper.framework; name = AudioToolbox.framework; path = System/Library/Frameworks/AudioToolbox.framework; sourceTree = SDKROOT; };
		1AB9ACDC1A6A889400489D30 /* CFNetwork.framework */ = {isa = PBXFileReference; lastKnownFileType = wrapper.framework; name = CFNetwork.framework; path = System/Library/Frameworks/CFNetwork.framework; sourceTree = SDKROOT; };
		1AB9ACDE1A6A889F00489D30 /* CoreGraphics.framework */ = {isa = PBXFileReference; lastKnownFileType = wrapper.framework; name = CoreGraphics.framework; path = System/Library/Frameworks/CoreGraphics.framework; sourceTree = SDKROOT; };
		1AB9ACE01A6A899A00489D30 /* CoreLocation.framework */ = {isa = PBXFileReference; lastKnownFileType = wrapper.framework; name = CoreLocation.framework; path = System/Library/Frameworks/CoreLocation.framework; sourceTree = SDKROOT; };
		1AB9ACE21A6A89A400489D30 /* MobileCoreServices.framework */ = {isa = PBXFileReference; lastKnownFileType = wrapper.framework; name = MobileCoreServices.framework; path = System/Library/Frameworks/MobileCoreServices.framework; sourceTree = SDKROOT; };
		1AB9ACE41A6A89CF00489D30 /* QuartzCore.framework */ = {isa = PBXFileReference; lastKnownFileType = wrapper.framework; name = QuartzCore.framework; path = System/Library/Frameworks/QuartzCore.framework; sourceTree = SDKROOT; };
		1AB9ACE61A6A89D600489D30 /* Security.framework */ = {isa = PBXFileReference; lastKnownFileType = wrapper.framework; name = Security.framework; path = System/Library/Frameworks/Security.framework; sourceTree = SDKROOT; };
		1AB9ACE81A6A89DE00489D30 /* StoreKit.framework */ = {isa = PBXFileReference; lastKnownFileType = wrapper.framework; name = StoreKit.framework; path = System/Library/Frameworks/StoreKit.framework; sourceTree = SDKROOT; };
		1AB9ACEA1A6A89E800489D30 /* SystemConfiguration.framework */ = {isa = PBXFileReference; lastKnownFileType = wrapper.framework; name = SystemConfiguration.framework; path = System/Library/Frameworks/SystemConfiguration.framework; sourceTree = SDKROOT; };
		1AB9ACEC1A6A89F300489D30 /* libz.dylib */ = {isa = PBXFileReference; lastKnownFileType = "compiled.mach-o.dylib"; name = libz.dylib; path = usr/lib/libz.dylib; sourceTree = SDKROOT; };
		1AB9ACEE1A6A89FD00489D30 /* libsqlite3.dylib */ = {isa = PBXFileReference; lastKnownFileType = "compiled.mach-o.dylib"; name = libsqlite3.dylib; path = usr/lib/libsqlite3.dylib; sourceTree = SDKROOT; };
		1AB9ACF11A6A92C200489D30 /* EventViewController.swift */ = {isa = PBXFileReference; fileEncoding = 4; lastKnownFileType = sourcecode.swift; path = EventViewController.swift; sourceTree = "<group>"; };
		9D3726D41A6A9BAE0040C661 /* EventItem.swift */ = {isa = PBXFileReference; fileEncoding = 4; lastKnownFileType = sourcecode.swift; path = EventItem.swift; sourceTree = "<group>"; };
		9D3726D61A6A9FF50040C661 /* EventsManager.swift */ = {isa = PBXFileReference; fileEncoding = 4; lastKnownFileType = sourcecode.swift; path = EventsManager.swift; sourceTree = "<group>"; };
		9D3726D81A6ABFB90040C661 /* EventTableCell.swift */ = {isa = PBXFileReference; fileEncoding = 4; lastKnownFileType = sourcecode.swift; path = EventTableCell.swift; sourceTree = "<group>"; };
		9D3726DF1A6ACBC10040C661 /* down_arrow.png */ = {isa = PBXFileReference; lastKnownFileType = image.png; name = down_arrow.png; path = ../../../Downloads/down_arrow.png; sourceTree = "<group>"; };
		9D3726E01A6ACBC10040C661 /* up_arrow.png */ = {isa = PBXFileReference; lastKnownFileType = image.png; name = up_arrow.png; path = ../../../Downloads/up_arrow.png; sourceTree = "<group>"; };
		9D49AFB81A6B37EF0089AF2A /* green.png */ = {isa = PBXFileReference; lastKnownFileType = image.png; name = green.png; path = ../../../Downloads/green.png; sourceTree = "<group>"; };
		9D49AFB91A6B37EF0089AF2A /* red.png */ = {isa = PBXFileReference; lastKnownFileType = image.png; name = red.png; path = ../../../Downloads/red.png; sourceTree = "<group>"; };
/* End PBXFileReference section */

/* Begin PBXFrameworksBuildPhase section */
		1AB9ACAC1A6A7ACB00489D30 /* Frameworks */ = {
			isa = PBXFrameworksBuildPhase;
			buildActionMask = 2147483647;
			files = (
				1AB9ACEF1A6A89FD00489D30 /* libsqlite3.dylib in Frameworks */,
				1AB9ACED1A6A89F300489D30 /* libz.dylib in Frameworks */,
				1AB9ACEB1A6A89E800489D30 /* SystemConfiguration.framework in Frameworks */,
				1AB9ACE91A6A89DE00489D30 /* StoreKit.framework in Frameworks */,
				1AB9ACE71A6A89D600489D30 /* Security.framework in Frameworks */,
				1AB9ACE51A6A89CF00489D30 /* QuartzCore.framework in Frameworks */,
				1AB9ACE31A6A89A400489D30 /* MobileCoreServices.framework in Frameworks */,
				1AB9ACE11A6A899A00489D30 /* CoreLocation.framework in Frameworks */,
				1AB9ACDF1A6A889F00489D30 /* CoreGraphics.framework in Frameworks */,
				1AB9ACDD1A6A889400489D30 /* CFNetwork.framework in Frameworks */,
				1AB9ACDB1A6A888B00489D30 /* AudioToolbox.framework in Frameworks */,
				1AB9ACD71A6A884700489D30 /* Parse.framework in Frameworks */,
				1AB9ACD91A6A886D00489D30 /* Bolts.framework in Frameworks */,
			);
			runOnlyForDeploymentPostprocessing = 0;
		};
		1AB9ACC11A6A7ACC00489D30 /* Frameworks */ = {
			isa = PBXFrameworksBuildPhase;
			buildActionMask = 2147483647;
			files = (
			);
			runOnlyForDeploymentPostprocessing = 0;
		};
/* End PBXFrameworksBuildPhase section */

/* Begin PBXGroup section */
		1AB9ACA61A6A7ACB00489D30 = {
			isa = PBXGroup;
			children = (
				9D3726DE1A6AC4360040C661 /* Images */,
				1AB9ACF01A6A8A0A00489D30 /* Frameworks */,
				1AB9ACB11A6A7ACB00489D30 /* WhatsGood */,
				1AB9ACC71A6A7ACC00489D30 /* WhatsGoodTests */,
				1AB9ACB01A6A7ACB00489D30 /* Products */,
			);
			sourceTree = "<group>";
		};
		1AB9ACB01A6A7ACB00489D30 /* Products */ = {
			isa = PBXGroup;
			children = (
				1AB9ACAF1A6A7ACB00489D30 /* WhatsGood.app */,
				1AB9ACC41A6A7ACC00489D30 /* WhatsGoodTests.xctest */,
			);
			name = Products;
			sourceTree = "<group>";
		};
		1AB9ACB11A6A7ACB00489D30 /* WhatsGood */ = {
			isa = PBXGroup;
			children = (
				1AB9ACB41A6A7ACC00489D30 /* AppDelegate.swift */,
				1AB9ACB61A6A7ACC00489D30 /* NewEventViewController.swift */,
				1AB9ACD41A6A81DC00489D30 /* EventsListViewController.swift */,
				1AB9ACB81A6A7ACC00489D30 /* Main.storyboard */,
				9D3726D81A6ABFB90040C661 /* EventTableCell.swift */,
				1AB9ACF11A6A92C200489D30 /* EventViewController.swift */,
				1AB9ACBB1A6A7ACC00489D30 /* Images.xcassets */,
				1AB9ACBD1A6A7ACC00489D30 /* LaunchScreen.xib */,
				1AB9ACB21A6A7ACB00489D30 /* Supporting Files */,
				9D3726D41A6A9BAE0040C661 /* EventItem.swift */,
				9D3726D61A6A9FF50040C661 /* EventsManager.swift */,
			);
			path = WhatsGood;
			sourceTree = "<group>";
		};
		1AB9ACB21A6A7ACB00489D30 /* Supporting Files */ = {
			isa = PBXGroup;
			children = (
				1AB9ACB31A6A7ACB00489D30 /* Info.plist */,
			);
			name = "Supporting Files";
			sourceTree = "<group>";
		};
		1AB9ACC71A6A7ACC00489D30 /* WhatsGoodTests */ = {
			isa = PBXGroup;
			children = (
				1AB9ACCA1A6A7ACC00489D30 /* WhatsGoodTests.swift */,
				1AB9ACC81A6A7ACC00489D30 /* Supporting Files */,
			);
			path = WhatsGoodTests;
			sourceTree = "<group>";
		};
		1AB9ACC81A6A7ACC00489D30 /* Supporting Files */ = {
			isa = PBXGroup;
			children = (
				1AB9ACC91A6A7ACC00489D30 /* Info.plist */,
			);
			name = "Supporting Files";
			sourceTree = "<group>";
		};
		1AB9ACF01A6A8A0A00489D30 /* Frameworks */ = {
			isa = PBXGroup;
			children = (
				1AB9ACD81A6A886D00489D30 /* Bolts.framework */,
				1AB9ACD61A6A884700489D30 /* Parse.framework */,
				1AB9ACEE1A6A89FD00489D30 /* libsqlite3.dylib */,
				1AB9ACEC1A6A89F300489D30 /* libz.dylib */,
				1AB9ACEA1A6A89E800489D30 /* SystemConfiguration.framework */,
				1AB9ACE81A6A89DE00489D30 /* StoreKit.framework */,
				1AB9ACE61A6A89D600489D30 /* Security.framework */,
				1AB9ACE41A6A89CF00489D30 /* QuartzCore.framework */,
				1AB9ACE21A6A89A400489D30 /* MobileCoreServices.framework */,
				1AB9ACE01A6A899A00489D30 /* CoreLocation.framework */,
				1AB9ACDE1A6A889F00489D30 /* CoreGraphics.framework */,
				1AB9ACDC1A6A889400489D30 /* CFNetwork.framework */,
				1AB9ACDA1A6A888B00489D30 /* AudioToolbox.framework */,
			);
			name = Frameworks;
			sourceTree = "<group>";
		};
		9D3726DE1A6AC4360040C661 /* Images */ = {
			isa = PBXGroup;
			children = (
				9D49AFB81A6B37EF0089AF2A /* green.png */,
				9D49AFB91A6B37EF0089AF2A /* red.png */,
				9D3726DF1A6ACBC10040C661 /* down_arrow.png */,
				9D3726E01A6ACBC10040C661 /* up_arrow.png */,
			);
			name = Images;
			sourceTree = "<group>";
		};
/* End PBXGroup section */

/* Begin PBXNativeTarget section */
		1AB9ACAE1A6A7ACB00489D30 /* WhatsGood */ = {
			isa = PBXNativeTarget;
			buildConfigurationList = 1AB9ACCE1A6A7ACC00489D30 /* Build configuration list for PBXNativeTarget "WhatsGood" */;
			buildPhases = (
				1AB9ACAB1A6A7ACB00489D30 /* Sources */,
				1AB9ACAC1A6A7ACB00489D30 /* Frameworks */,
				1AB9ACAD1A6A7ACB00489D30 /* Resources */,
			);
			buildRules = (
			);
			dependencies = (
			);
			name = WhatsGood;
			productName = WhatsGood;
			productReference = 1AB9ACAF1A6A7ACB00489D30 /* WhatsGood.app */;
			productType = "com.apple.product-type.application";
		};
		1AB9ACC31A6A7ACC00489D30 /* WhatsGoodTests */ = {
			isa = PBXNativeTarget;
			buildConfigurationList = 1AB9ACD11A6A7ACC00489D30 /* Build configuration list for PBXNativeTarget "WhatsGoodTests" */;
			buildPhases = (
				1AB9ACC01A6A7ACC00489D30 /* Sources */,
				1AB9ACC11A6A7ACC00489D30 /* Frameworks */,
				1AB9ACC21A6A7ACC00489D30 /* Resources */,
			);
			buildRules = (
			);
			dependencies = (
				1AB9ACC61A6A7ACC00489D30 /* PBXTargetDependency */,
			);
			name = WhatsGoodTests;
			productName = WhatsGoodTests;
			productReference = 1AB9ACC41A6A7ACC00489D30 /* WhatsGoodTests.xctest */;
			productType = "com.apple.product-type.bundle.unit-test";
		};
/* End PBXNativeTarget section */

/* Begin PBXProject section */
		1AB9ACA71A6A7ACB00489D30 /* Project object */ = {
			isa = PBXProject;
			attributes = {
				LastUpgradeCheck = 0610;
				ORGANIZATIONNAME = amehra;
				TargetAttributes = {
					1AB9ACAE1A6A7ACB00489D30 = {
						CreatedOnToolsVersion = 6.1.1;
					};
					1AB9ACC31A6A7ACC00489D30 = {
						CreatedOnToolsVersion = 6.1.1;
						TestTargetID = 1AB9ACAE1A6A7ACB00489D30;
					};
				};
			};
			buildConfigurationList = 1AB9ACAA1A6A7ACB00489D30 /* Build configuration list for PBXProject "WhatsGood" */;
			compatibilityVersion = "Xcode 3.2";
			developmentRegion = English;
			hasScannedForEncodings = 0;
			knownRegions = (
				en,
				Base,
			);
			mainGroup = 1AB9ACA61A6A7ACB00489D30;
			productRefGroup = 1AB9ACB01A6A7ACB00489D30 /* Products */;
			projectDirPath = "";
			projectRoot = "";
			targets = (
				1AB9ACAE1A6A7ACB00489D30 /* WhatsGood */,
				1AB9ACC31A6A7ACC00489D30 /* WhatsGoodTests */,
			);
		};
/* End PBXProject section */

/* Begin PBXResourcesBuildPhase section */
		1AB9ACAD1A6A7ACB00489D30 /* Resources */ = {
			isa = PBXResourcesBuildPhase;
			buildActionMask = 2147483647;
			files = (
				9D3726E21A6ACBC10040C661 /* up_arrow.png in Resources */,
				1AB9ACBA1A6A7ACC00489D30 /* Main.storyboard in Resources */,
				1AB9ACBF1A6A7ACC00489D30 /* LaunchScreen.xib in Resources */,
				9D49AFBA1A6B37EF0089AF2A /* green.png in Resources */,
				9D49AFBB1A6B37EF0089AF2A /* red.png in Resources */,
				1AB9ACBC1A6A7ACC00489D30 /* Images.xcassets in Resources */,
				9D3726E11A6ACBC10040C661 /* down_arrow.png in Resources */,
			);
			runOnlyForDeploymentPostprocessing = 0;
		};
		1AB9ACC21A6A7ACC00489D30 /* Resources */ = {
			isa = PBXResourcesBuildPhase;
			buildActionMask = 2147483647;
			files = (
			);
			runOnlyForDeploymentPostprocessing = 0;
		};
/* End PBXResourcesBuildPhase section */

/* Begin PBXSourcesBuildPhase section */
		1AB9ACAB1A6A7ACB00489D30 /* Sources */ = {
			isa = PBXSourcesBuildPhase;
			buildActionMask = 2147483647;
			files = (
				9D3726D91A6ABFB90040C661 /* EventTableCell.swift in Sources */,
				9D3726D71A6A9FF50040C661 /* EventsManager.swift in Sources */,
				1AB9ACB71A6A7ACC00489D30 /* NewEventViewController.swift in Sources */,
				1AB9ACF21A6A92C200489D30 /* EventViewController.swift in Sources */,
				9D3726D51A6A9BAE0040C661 /* EventItem.swift in Sources */,
				1AB9ACD51A6A81DC00489D30 /* EventsListViewController.swift in Sources */,
				1AB9ACB51A6A7ACC00489D30 /* AppDelegate.swift in Sources */,
			);
			runOnlyForDeploymentPostprocessing = 0;
		};
		1AB9ACC01A6A7ACC00489D30 /* Sources */ = {
			isa = PBXSourcesBuildPhase;
			buildActionMask = 2147483647;
			files = (
				1AB9ACCB1A6A7ACC00489D30 /* WhatsGoodTests.swift in Sources */,
			);
			runOnlyForDeploymentPostprocessing = 0;
		};
/* End PBXSourcesBuildPhase section */

/* Begin PBXTargetDependency section */
		1AB9ACC61A6A7ACC00489D30 /* PBXTargetDependency */ = {
			isa = PBXTargetDependency;
			target = 1AB9ACAE1A6A7ACB00489D30 /* WhatsGood */;
			targetProxy = 1AB9ACC51A6A7ACC00489D30 /* PBXContainerItemProxy */;
		};
/* End PBXTargetDependency section */

/* Begin PBXVariantGroup section */
		1AB9ACB81A6A7ACC00489D30 /* Main.storyboard */ = {
			isa = PBXVariantGroup;
			children = (
				1AB9ACB91A6A7ACC00489D30 /* Base */,
			);
			name = Main.storyboard;
			sourceTree = "<group>";
		};
		1AB9ACBD1A6A7ACC00489D30 /* LaunchScreen.xib */ = {
			isa = PBXVariantGroup;
			children = (
				1AB9ACBE1A6A7ACC00489D30 /* Base */,
			);
			name = LaunchScreen.xib;
			sourceTree = "<group>";
		};
/* End PBXVariantGroup section */

/* Begin XCBuildConfiguration section */
		1AB9ACCC1A6A7ACC00489D30 /* Debug */ = {
			isa = XCBuildConfiguration;
			buildSettings = {
				ALWAYS_SEARCH_USER_PATHS = NO;
				CLANG_CXX_LANGUAGE_STANDARD = "gnu++0x";
				CLANG_CXX_LIBRARY = "libc++";
				CLANG_ENABLE_MODULES = YES;
				CLANG_ENABLE_OBJC_ARC = YES;
				CLANG_WARN_BOOL_CONVERSION = YES;
				CLANG_WARN_CONSTANT_CONVERSION = YES;
				CLANG_WARN_DIRECT_OBJC_ISA_USAGE = YES_ERROR;
				CLANG_WARN_EMPTY_BODY = YES;
				CLANG_WARN_ENUM_CONVERSION = YES;
				CLANG_WARN_INT_CONVERSION = YES;
				CLANG_WARN_OBJC_ROOT_CLASS = YES_ERROR;
				CLANG_WARN_UNREACHABLE_CODE = YES;
				CLANG_WARN__DUPLICATE_METHOD_MATCH = YES;
				"CODE_SIGN_IDENTITY[sdk=iphoneos*]" = "iPhone Developer";
				COPY_PHASE_STRIP = NO;
				ENABLE_STRICT_OBJC_MSGSEND = YES;
				GCC_C_LANGUAGE_STANDARD = gnu99;
				GCC_DYNAMIC_NO_PIC = NO;
				GCC_OPTIMIZATION_LEVEL = 0;
				GCC_PREPROCESSOR_DEFINITIONS = (
					"DEBUG=1",
					"$(inherited)",
				);
				GCC_SYMBOLS_PRIVATE_EXTERN = NO;
				GCC_WARN_64_TO_32_BIT_CONVERSION = YES;
				GCC_WARN_ABOUT_RETURN_TYPE = YES_ERROR;
				GCC_WARN_UNDECLARED_SELECTOR = YES;
				GCC_WARN_UNINITIALIZED_AUTOS = YES_AGGRESSIVE;
				GCC_WARN_UNUSED_FUNCTION = YES;
				GCC_WARN_UNUSED_VARIABLE = YES;
				IPHONEOS_DEPLOYMENT_TARGET = 8.1;
				MTL_ENABLE_DEBUG_INFO = YES;
				ONLY_ACTIVE_ARCH = YES;
				SDKROOT = iphoneos;
				SWIFT_OPTIMIZATION_LEVEL = "-Onone";
				TARGETED_DEVICE_FAMILY = "1,2";
			};
			name = Debug;
		};
		1AB9ACCD1A6A7ACC00489D30 /* Release */ = {
			isa = XCBuildConfiguration;
			buildSettings = {
				ALWAYS_SEARCH_USER_PATHS = NO;
				CLANG_CXX_LANGUAGE_STANDARD = "gnu++0x";
				CLANG_CXX_LIBRARY = "libc++";
				CLANG_ENABLE_MODULES = YES;
				CLANG_ENABLE_OBJC_ARC = YES;
				CLANG_WARN_BOOL_CONVERSION = YES;
				CLANG_WARN_CONSTANT_CONVERSION = YES;
				CLANG_WARN_DIRECT_OBJC_ISA_USAGE = YES_ERROR;
				CLANG_WARN_EMPTY_BODY = YES;
				CLANG_WARN_ENUM_CONVERSION = YES;
				CLANG_WARN_INT_CONVERSION = YES;
				CLANG_WARN_OBJC_ROOT_CLASS = YES_ERROR;
				CLANG_WARN_UNREACHABLE_CODE = YES;
				CLANG_WARN__DUPLICATE_METHOD_MATCH = YES;
				"CODE_SIGN_IDENTITY[sdk=iphoneos*]" = "iPhone Developer";
				COPY_PHASE_STRIP = YES;
				ENABLE_NS_ASSERTIONS = NO;
				ENABLE_STRICT_OBJC_MSGSEND = YES;
				GCC_C_LANGUAGE_STANDARD = gnu99;
				GCC_WARN_64_TO_32_BIT_CONVERSION = YES;
				GCC_WARN_ABOUT_RETURN_TYPE = YES_ERROR;
				GCC_WARN_UNDECLARED_SELECTOR = YES;
				GCC_WARN_UNINITIALIZED_AUTOS = YES_AGGRESSIVE;
				GCC_WARN_UNUSED_FUNCTION = YES;
				GCC_WARN_UNUSED_VARIABLE = YES;
				IPHONEOS_DEPLOYMENT_TARGET = 8.1;
				MTL_ENABLE_DEBUG_INFO = NO;
				SDKROOT = iphoneos;
				TARGETED_DEVICE_FAMILY = "1,2";
				VALIDATE_PRODUCT = YES;
			};
			name = Release;
		};
		1AB9ACCF1A6A7ACC00489D30 /* Debug */ = {
			isa = XCBuildConfiguration;
			buildSettings = {
				ASSETCATALOG_COMPILER_APPICON_NAME = AppIcon;
				FRAMEWORK_SEARCH_PATHS = (
					"$(inherited)",
					"$(PROJECT_DIR)/WhatsGood",
				);
				INFOPLIST_FILE = WhatsGood/Info.plist;
				LD_RUNPATH_SEARCH_PATHS = "$(inherited) @executable_path/Frameworks";
				PRODUCT_NAME = "$(TARGET_NAME)";
			};
			name = Debug;
		};
		1AB9ACD01A6A7ACC00489D30 /* Release */ = {
			isa = XCBuildConfiguration;
			buildSettings = {
				ASSETCATALOG_COMPILER_APPICON_NAME = AppIcon;
				FRAMEWORK_SEARCH_PATHS = (
					"$(inherited)",
					"$(PROJECT_DIR)/WhatsGood",
				);
				INFOPLIST_FILE = WhatsGood/Info.plist;
				LD_RUNPATH_SEARCH_PATHS = "$(inherited) @executable_path/Frameworks";
				PRODUCT_NAME = "$(TARGET_NAME)";
			};
			name = Release;
		};
		1AB9ACD21A6A7ACC00489D30 /* Debug */ = {
			isa = XCBuildConfiguration;
			buildSettings = {
				BUNDLE_LOADER = "$(TEST_HOST)";
				FRAMEWORK_SEARCH_PATHS = (
					"$(SDKROOT)/Developer/Library/Frameworks",
					"$(inherited)",
				);
				GCC_PREPROCESSOR_DEFINITIONS = (
					"DEBUG=1",
					"$(inherited)",
				);
				INFOPLIST_FILE = WhatsGoodTests/Info.plist;
				LD_RUNPATH_SEARCH_PATHS = "$(inherited) @executable_path/Frameworks @loader_path/Frameworks";
				PRODUCT_NAME = "$(TARGET_NAME)";
				TEST_HOST = "$(BUILT_PRODUCTS_DIR)/WhatsGood.app/WhatsGood";
			};
			name = Debug;
		};
		1AB9ACD31A6A7ACC00489D30 /* Release */ = {
			isa = XCBuildConfiguration;
			buildSettings = {
				BUNDLE_LOADER = "$(TEST_HOST)";
				FRAMEWORK_SEARCH_PATHS = (
					"$(SDKROOT)/Developer/Library/Frameworks",
					"$(inherited)",
				);
				INFOPLIST_FILE = WhatsGoodTests/Info.plist;
				LD_RUNPATH_SEARCH_PATHS = "$(inherited) @executable_path/Frameworks @loader_path/Frameworks";
				PRODUCT_NAME = "$(TARGET_NAME)";
				TEST_HOST = "$(BUILT_PRODUCTS_DIR)/WhatsGood.app/WhatsGood";
			};
			name = Release;
		};
/* End XCBuildConfiguration section */

/* Begin XCConfigurationList section */
		1AB9ACAA1A6A7ACB00489D30 /* Build configuration list for PBXProject "WhatsGood" */ = {
			isa = XCConfigurationList;
			buildConfigurations = (
				1AB9ACCC1A6A7ACC00489D30 /* Debug */,
				1AB9ACCD1A6A7ACC00489D30 /* Release */,
			);
			defaultConfigurationIsVisible = 0;
			defaultConfigurationName = Release;
		};
		1AB9ACCE1A6A7ACC00489D30 /* Build configuration list for PBXNativeTarget "WhatsGood" */ = {
			isa = XCConfigurationList;
			buildConfigurations = (
				1AB9ACCF1A6A7ACC00489D30 /* Debug */,
				1AB9ACD01A6A7ACC00489D30 /* Release */,
			);
			defaultConfigurationIsVisible = 0;
			defaultConfigurationName = Release;
		};
		1AB9ACD11A6A7ACC00489D30 /* Build configuration list for PBXNativeTarget "WhatsGoodTests" */ = {
			isa = XCConfigurationList;
			buildConfigurations = (
				1AB9ACD21A6A7ACC00489D30 /* Debug */,
				1AB9ACD31A6A7ACC00489D30 /* Release */,
			);
			defaultConfigurationIsVisible = 0;
			defaultConfigurationName = Release;
		};
/* End XCConfigurationList section */
	};
	rootObject = 1AB9ACA71A6A7ACB00489D30 /* Project object */;
}
